
Microsoft Visual Studio Solution File, Format Version 12.00
# Visual Studio Version 17
VisualStudioVersion = 17.11.35327.3
MinimumVisualStudioVersion = 10.0.40219.1
Project("{FAE04EC0-301F-11D3-BF4B-00C04F79EFBC}") = "Un2TrekApp", "Un2TrekApp.csproj", "{F10F0FBE-DBE8-458E-AD65-AB3F5F722886}"
EndProject
Global
	GlobalSection(SolutionConfigurationPlatforms) = preSolution
		Debug|Any CPU = Debug|Any CPU
		Release|Any CPU = Release|Any CPU
	EndGlobalSection
	GlobalSection(ProjectConfigurationPlatforms) = postSolution
		{F10F0FBE-DBE8-458E-AD65-AB3F5F722886}.Debug|Any CPU.ActiveCfg = Debug|Any CPU
		{F10F0FBE-DBE8-458E-AD65-AB3F5F722886}.Debug|Any CPU.Build.0 = Debug|Any CPU
		{F10F0FBE-DBE8-458E-AD65-AB3F5F722886}.Debug|Any CPU.Deploy.0 = Debug|Any CPU
		{F10F0FBE-DBE8-458E-AD65-AB3F5F722886}.Release|Any CPU.ActiveCfg = Release|Any CPU
		{F10F0FBE-DBE8-458E-AD65-AB3F5F722886}.Release|Any CPU.Build.0 = Release|Any CPU
		{F10F0FBE-DBE8-458E-AD65-AB3F5F722886}.Release|Any CPU.Deploy.0 = Release|Any CPU
	EndGlobalSection
	GlobalSection(SolutionProperties) = preSolution
		HideSolutionNode = FALSE
	EndGlobalSection
	GlobalSection(ExtensibilityGlobals) = postSolution
		SolutionGuid = {631D596B-B3FE-4B4F-B2F3-6DDDD4D4BFF9}
	EndGlobalSection
EndGlobal
